{
  "name": "nginx-ip-whitelister",
  "version": "1.6.0",
  "lockfileVersion": 3,
  "requires": true,
  "packages": {
    "": {
      "name": "nginx-ip-whitelister",
      "version": "1.6.0",
      "license": "MIT",
      "dependencies": {
        "crumbware": "=0.0.4",
        "dotenv": "=17.4.2",
        "ip-regex": "=5.0.0",
        "jssha": "=3.3.1",
        "mmdb-lib": "=3.0.2",
        "netmask": "=2.1.1",
        "totp-auth": "=1.0.11"
      },
      "devDependencies": {}
    },
    "node_modules/crumbware": {
      "version": "0.0.4",
      "resolved": "https://registry.npmjs.org/crumbware/-/crumbware-0.0.4.tgz",
      "integrity": "sha512-7dZKsWHlbB/orRXLif4KYvT4oD4OricMkMfmFoxYB279BLf0lgHABLmb7J5XVO9V4mUaadndczUONXPPCq159w==",
      "license": "MIT"
    },
    "node_modules/dotenv": {
      "version": "17.4.2",
      "resolved": "https://registry.npmjs.org/dotenv/-/dotenv-17.4.2.tgz",
      "integrity": "sha512-nI4U3TottKAcAD9LLud4Cb7b2QztQMUEfHbvhTH09bqXTxnSie8WnjPALV/WMCrJZ6UV/qHJ6L03OqO3LcdYZw==",
      "license": "BSD-2-Clause",
      "engines": {
        "node": ">=12"
      },
      "funding": {
        "url": "https://dotenvx.com"
      }
    },
    "node_modules/ip-regex": {
      "version": "5.0.0",
      "resolved": "https://registry.npmjs.org/ip-regex/-/ip-regex-5.0.0.tgz",
      "integrity": "sha512-fOCG6lhoKKakwv+C6KdsOnGvgXnmgfmp0myi3bcNwj3qfwPAxRKWEuFhvEFF7ceYIz6+1jRZ+yguLFAmUNPEfw==",
      "license": "MIT",
      "engines": {
        "node": "^12.20.0 || ^14.13.1 || >=16.0.0"
      },
      "funding": {
        "url": "https://github.com/sponsors/sindresorhus"
      }
    },
    "node_modules/jssha": {
      "version": "3.3.1",
      "resolved": "https://registry.npmjs.org/jssha/-/jssha-3.3.1.tgz",
      "integrity": "sha512-VCMZj12FCFMQYcFLPRm/0lOBbLi8uM2BhXPTqw3U4YAfs4AZfiApOoBLoN8cQE60Z50m1MYMTQVCfgF/KaCVhQ==",
      "license": "BSD-3-Clause",
      "engines": {
        "node": "*"
      }
    },
    "node_modules/mmdb-lib": {
      "version": "3.0.2",
      "resolved": "https://registry.npmjs.org/mmdb-lib/-/mmdb-lib-3.0.2.tgz",
      "integrity": "sha512-7e87vk0DdWT647wjcfEtWeMtjm+zVGqNohN/aeIymbUfjHQ2T4Sx5kM+1irVDBSloNC3CkGKxswdMoo8yhqTDg==",
      "license": "MIT",
      "engines": {
        "node": ">=10",
        "npm": ">=6"
      }
    },
    "node_modules/netmask": {
      "version": "2.1.1",
      "resolved": "https://registry.npmjs.org/netmask/-/netmask-2.1.1.tgz",
      "integrity": "sha512-eonl3sLUha+S1GzTPxychyhnUzKyeQkZ7jLjKrBagJgPla13F+uQ71HgpFefyHgqrjEbCPkDArxYsjY8/+gLKA==",
      "license": "MIT",
      "engines": {
        "node": ">= 0.4.0"
      }
    },
    "node_modules/totp-auth": {
      "version": "1.0.11",
      "resolved": "https://registry.npmjs.org/totp-auth/-/totp-auth-1.0.11.tgz",
      "integrity": "sha512-+qQpCig+Zddh/GymQCuF0U0QEU5mr2/2pIPSCqujdH2ue3cokgHpACoXm7VtfmF6e9VzZvqR/4ENskdh9J6Tqw==",
      "license": "ISC",
      "dependencies": {
        "jssha": "^3.2.0"
      }
    }
  }
}
